
Microsoft Visual Studio Solution File, Format Version 12.00
# Visual Studio 14
VisualStudioVersion = 14.0.25420.1
MinimumVisualStudioVersion = 10.0.40219.1
Project("{FAE04EC0-301F-11D3-BF4B-00C04F79EFBC}") = "WebWMS", "WebWMS\WebWMS.csproj", "{BDE3B87B-5F6E-48D4-8F05-65B75108A6AD}"
EndProject
Global
	GlobalSection(SolutionConfigurationPlatforms) = preSolution
		Debug|Any CPU = Debug|Any CPU
		Release|Any CPU = Release|Any CPU
	EndGlobalSection
	GlobalSection(ProjectConfigurationPlatforms) = postSolution
		{BDE3B87B-5F6E-48D4-8F05-65B75108A6AD}.Debug|Any CPU.ActiveCfg = Debug|Any CPU
		{BDE3B87B-5F6E-48D4-8F05-65B75108A6AD}.Debug|Any CPU.Build.0 = Debug|Any CPU
		{BDE3B87B-5F6E-48D4-8F05-65B75108A6AD}.Release|Any CPU.ActiveCfg = Release|Any CPU
		{BDE3B87B-5F6E-48D4-8F05-65B75108A6AD}.Release|Any CPU.Build.0 = Release|Any CPU
	EndGlobalSection
	GlobalSection(SolutionProperties) = preSolution
		HideSolutionNode = FALSE
	EndGlobalSection
EndGlobal
